
Microsoft Visual Studio Solution File, Format Version 12.00
# Visual Studio Version 16
VisualStudioVersion = 16.0.29509.3
MinimumVisualStudioVersion = 10.0.40219.1
Project("{FAE04EC0-301F-11D3-BF4B-00C04F79EFBC}") = "csharp-metanit", "csharp-metanit.csproj", "{24E03AFC-80E7-4C47-BE48-0CF3928C331B}"
EndProject
Global
	GlobalSection(SolutionConfigurationPlatforms) = preSolution
		Debug|Any CPU = Debug|Any CPU
		Release|Any CPU = Release|Any CPU
	EndGlobalSection
	GlobalSection(ProjectConfigurationPlatforms) = postSolution
		{24E03AFC-80E7-4C47-BE48-0CF3928C331B}.Debug|Any CPU.ActiveCfg = Debug|Any CPU
		{24E03AFC-80E7-4C47-BE48-0CF3928C331B}.Debug|Any CPU.Build.0 = Debug|Any CPU
		{24E03AFC-80E7-4C47-BE48-0CF3928C331B}.Release|Any CPU.ActiveCfg = Release|Any CPU
		{24E03AFC-80E7-4C47-BE48-0CF3928C331B}.Release|Any CPU.Build.0 = Release|Any CPU
	EndGlobalSection
	GlobalSection(SolutionProperties) = preSolution
		HideSolutionNode = FALSE
	EndGlobalSection
	GlobalSection(ExtensibilityGlobals) = postSolution
		SolutionGuid = {971F6107-22B6-43C9-8306-1A6FEFA02402}
	EndGlobalSection
EndGlobal
